{"filter":false,"title":"Gemfile.lock","tooltip":"/rails/sample_app/Gemfile.lock","ace":{"folds":null,"scrolltop":0,"scrollleft":0,"selection":{"start":{"row":0,"column":0},"end":{"row":0,"column":0},"isBackwards":false},"options":{"guessTabSize":true,"useWrapMode":false,"wrapToView":true},"firstLineState":null,"cleansed":true},"hash":"d8db9caa9b30d010693d964f217ca815d88ee576","undoManager":{"mark":-1,"position":-1,"stack":[]},"timestamp":1577342741022}